// !$*UTF8*$!
{
	archiveVersion = 1;
	classes = {
	};
	objectVersion = 48;
	objects = {

/* Begin PBXBuildFile section */
		F1F539F3204D504E00CECF23 /* AppDelegate.swift in Sources */ = {isa = PBXBuildFile; fileRef = F1F539F2204D504E00CECF23 /* AppDelegate.swift */; };
		F1F539F5204D504E00CECF23 /* ViewController.swift in Sources */ = {isa = PBXBuildFile; fileRef = F1F539F4204D504E00CECF23 /* ViewController.swift */; };
		F1F539F8204D504E00CECF23 /* Main.storyboard in Resources */ = {isa = PBXBuildFile; fileRef = F1F539F6204D504E00CECF23 /* Main.storyboard */; };
		F1F539FA204D504E00CECF23 /* Assets.xcassets in Resources */ = {isa = PBXBuildFile; fileRef = F1F539F9204D504E00CECF23 /* Assets.xcassets */; };
		F1F539FD204D504E00CECF23 /* LaunchScreen.storyboard in Resources */ = {isa = PBXBuildFile; fileRef = F1F539FB204D504E00CECF23 /* LaunchScreen.storyboard */; };
		F1F53A08204D504E00CECF23 /* almofiretestdemoTests.swift in Sources */ = {isa = PBXBuildFile; fileRef = F1F53A07204D504E00CECF23 /* almofiretestdemoTests.swift */; };
		F1F53A13204D504E00CECF23 /* almofiretestdemoUITests.swift in Sources */ = {isa = PBXBuildFile; fileRef = F1F53A12204D504E00CECF23 /* almofiretestdemoUITests.swift */; };
/* End PBXBuildFile section */

/* Begin PBXContainerItemProxy section */
		F1F53A04204D504E00CECF23 /* PBXContainerItemProxy */ = {
			isa = PBXContainerItemProxy;
			containerPortal = F1F539E7204D504E00CECF23 /* Project object */;
			proxyType = 1;
			remoteGlobalIDString = F1F539EE204D504E00CECF23;
			remoteInfo = almofiretestdemo;
		};
		F1F53A0F204D504E00CECF23 /* PBXContainerItemProxy */ = {
			isa = PBXContainerItemProxy;
			containerPortal = F1F539E7204D504E00CECF23 /* Project object */;
			proxyType = 1;
			remoteGlobalIDString = F1F539EE204D504E00CECF23;
			remoteInfo = almofiretestdemo;
		};
/* End PBXContainerItemProxy section */

/* Begin PBXFileReference section */
		F1F539EF204D504E00CECF23 /* almofiretestdemo.app */ = {isa = PBXFileReference; explicitFileType = wrapper.application; includeInIndex = 0; path = almofiretestdemo.app; sourceTree = BUILT_PRODUCTS_DIR; };
		F1F539F2204D504E00CECF23 /* AppDelegate.swift */ = {isa = PBXFileReference; lastKnownFileType = sourcecode.swift; path = AppDelegate.swift; sourceTree = "<group>"; };
		F1F539F4204D504E00CECF23 /* ViewController.swift */ = {isa = PBXFileReference; lastKnownFileType = sourcecode.swift; path = ViewController.swift; sourceTree = "<group>"; };
		F1F539F7204D504E00CECF23 /* Base */ = {isa = PBXFileReference; lastKnownFileType = file.storyboard; name = Base; path = Base.lproj/Main.storyboard; sourceTree = "<group>"; };
		F1F539F9204D504E00CECF23 /* Assets.xcassets */ = {isa = PBXFileReference; lastKnownFileType = folder.assetcatalog; path = Assets.xcassets; sourceTree = "<group>"; };
		F1F539FC204D504E00CECF23 /* Base */ = {isa = PBXFileReference; lastKnownFileType = file.storyboard; name = Base; path = Base.lproj/LaunchScreen.storyboard; sourceTree = "<group>"; };
		F1F539FE204D504E00CECF23 /* Info.plist */ = {isa = PBXFileReference; lastKnownFileType = text.plist.xml; path = Info.plist; sourceTree = "<group>"; };
		F1F53A03204D504E00CECF23 /* almofiretestdemoTests.xctest */ = {isa = PBXFileReference; explicitFileType = wrapper.cfbundle; includeInIndex = 0; path = almofiretestdemoTests.xctest; sourceTree = BUILT_PRODUCTS_DIR; };
		F1F53A07204D504E00CECF23 /* almofiretestdemoTests.swift */ = {isa = PBXFileReference; lastKnownFileType = sourcecode.swift; path = almofiretestdemoTests.swift; sourceTree = "<group>"; };
		F1F53A09204D504E00CECF23 /* Info.plist */ = {isa = PBXFileReference; lastKnownFileType = text.plist.xml; path = Info.plist; sourceTree = "<group>"; };
		F1F53A0E204D504E00CECF23 /* almofiretestdemoUITests.xctest */ = {isa = PBXFileReference; explicitFileType = wrapper.cfbundle; includeInIndex = 0; path = almofiretestdemoUITests.xctest; sourceTree = BUILT_PRODUCTS_DIR; };
		F1F53A12204D504E00CECF23 /* almofiretestdemoUITests.swift */ = {isa = PBXFileReference; lastKnownFileType = sourcecode.swift; path = almofiretestdemoUITests.swift; sourceTree = "<group>"; };
		F1F53A14204D504E00CECF23 /* Info.plist */ = {isa = PBXFileReference; lastKnownFileType = text.plist.xml; path = Info.plist; sourceTree = "<group>"; };
/* End PBXFileReference section */

/* Begin PBXFrameworksBuildPhase section */
		F1F539EC204D504E00CECF23 /* Frameworks */ = {
			isa = PBXFrameworksBuildPhase;
			buildActionMask = 2147483647;
			files = (
			);
			runOnlyForDeploymentPostprocessing = 0;
		};
		F1F53A00204D504E00CECF23 /* Frameworks */ = {
			isa = PBXFrameworksBuildPhase;
			buildActionMask = 2147483647;
			files = (
			);
			runOnlyForDeploymentPostprocessing = 0;
		};
		F1F53A0B204D504E00CECF23 /* Frameworks */ = {
			isa = PBXFrameworksBuildPhase;
			buildActionMask = 2147483647;
			files = (
			);
			runOnlyForDeploymentPostprocessing = 0;
		};
/* End PBXFrameworksBuildPhase section */

/* Begin PBXGroup section */
		F1F539E6204D504E00CECF23 = {
			isa = PBXGroup;
			children = (
				F1F539F1204D504E00CECF23 /* almofiretestdemo */,
				F1F53A06204D504E00CECF23 /* almofiretestdemoTests */,
				F1F53A11204D504E00CECF23 /* almofiretestdemoUITests */,
				F1F539F0204D504E00CECF23 /* Products */,
			);
			sourceTree = "<group>";
		};
		F1F539F0204D504E00CECF23 /* Products */ = {
			isa = PBXGroup;
			children = (
				F1F539EF204D504E00CECF23 /* almofiretestdemo.app */,
				F1F53A03204D504E00CECF23 /* almofiretestdemoTests.xctest */,
				F1F53A0E204D504E00CECF23 /* almofiretestdemoUITests.xctest */,
			);
			name = Products;
			sourceTree = "<group>";
		};
		F1F539F1204D504E00CECF23 /* almofiretestdemo */ = {
			isa = PBXGroup;
			children = (
				F1F539F2204D504E00CECF23 /* AppDelegate.swift */,
				F1F539F4204D504E00CECF23 /* ViewController.swift */,
				F1F539F6204D504E00CECF23 /* Main.storyboard */,
				F1F539F9204D504E00CECF23 /* Assets.xcassets */,
				F1F539FB204D504E00CECF23 /* LaunchScreen.storyboard */,
				F1F539FE204D504E00CECF23 /* Info.plist */,
			);
			path = almofiretestdemo;
			sourceTree = "<group>";
		};
		F1F53A06204D504E00CECF23 /* almofiretestdemoTests */ = {
			isa = PBXGroup;
			children = (
				F1F53A07204D504E00CECF23 /* almofiretestdemoTests.swift */,
				F1F53A09204D504E00CECF23 /* Info.plist */,
			);
			path = almofiretestdemoTests;
			sourceTree = "<group>";
		};
		F1F53A11204D504E00CECF23 /* almofiretestdemoUITests */ = {
			isa = PBXGroup;
			children = (
				F1F53A12204D504E00CECF23 /* almofiretestdemoUITests.swift */,
				F1F53A14204D504E00CECF23 /* Info.plist */,
			);
			path = almofiretestdemoUITests;
			sourceTree = "<group>";
		};
/* End PBXGroup section */

/* Begin PBXNativeTarget section */
		F1F539EE204D504E00CECF23 /* almofiretestdemo */ = {
			isa = PBXNativeTarget;
			buildConfigurationList = F1F53A17204D504E00CECF23 /* Build configuration list for PBXNativeTarget "almofiretestdemo" */;
			buildPhases = (
				F1F539EB204D504E00CECF23 /* Sources */,
				F1F539EC204D504E00CECF23 /* Frameworks */,
				F1F539ED204D504E00CECF23 /* Resources */,
			);
			buildRules = (
			);
			dependencies = (
			);
			name = almofiretestdemo;
			productName = almofiretestdemo;
			productReference = F1F539EF204D504E00CECF23 /* almofiretestdemo.app */;
			productType = "com.apple.product-type.application";
		};
		F1F53A02204D504E00CECF23 /* almofiretestdemoTests */ = {
			isa = PBXNativeTarget;
			buildConfigurationList = F1F53A1A204D504E00CECF23 /* Build configuration list for PBXNativeTarget "almofiretestdemoTests" */;
			buildPhases = (
				F1F539FF204D504E00CECF23 /* Sources */,
				F1F53A00204D504E00CECF23 /* Frameworks */,
				F1F53A01204D504E00CECF23 /* Resources */,
			);
			buildRules = (
			);
			dependencies = (
				F1F53A05204D504E00CECF23 /* PBXTargetDependency */,
			);
			name = almofiretestdemoTests;
			productName = almofiretestdemoTests;
			productReference = F1F53A03204D504E00CECF23 /* almofiretestdemoTests.xctest */;
			productType = "com.apple.product-type.bundle.unit-test";
		};
		F1F53A0D204D504E00CECF23 /* almofiretestdemoUITests */ = {
			isa = PBXNativeTarget;
			buildConfigurationList = F1F53A1D204D504E00CECF23 /* Build configuration list for PBXNativeTarget "almofiretestdemoUITests" */;
			buildPhases = (
				F1F53A0A204D504E00CECF23 /* Sources */,
				F1F53A0B204D504E00CECF23 /* Frameworks */,
				F1F53A0C204D504E00CECF23 /* Resources */,
			);
			buildRules = (
			);
			dependencies = (
				F1F53A10204D504E00CECF23 /* PBXTargetDependency */,
			);
			name = almofiretestdemoUITests;
			productName = almofiretestdemoUITests;
			productReference = F1F53A0E204D504E00CECF23 /* almofiretestdemoUITests.xctest */;
			productType = "com.apple.product-type.bundle.ui-testing";
		};
/* End PBXNativeTarget section */

/* Begin PBXProject section */
		F1F539E7204D504E00CECF23 /* Project object */ = {
			isa = PBXProject;
			attributes = {
				LastSwiftUpdateCheck = 0920;
				LastUpgradeCheck = 0920;
				ORGANIZATIONNAME = infostretch;
				TargetAttributes = {
					F1F539EE204D504E00CECF23 = {
						CreatedOnToolsVersion = 9.2;
						ProvisioningStyle = Automatic;
					};
					F1F53A02204D504E00CECF23 = {
						CreatedOnToolsVersion = 9.2;
						ProvisioningStyle = Automatic;
						TestTargetID = F1F539EE204D504E00CECF23;
					};
					F1F53A0D204D504E00CECF23 = {
						CreatedOnToolsVersion = 9.2;
						ProvisioningStyle = Automatic;
						TestTargetID = F1F539EE204D504E00CECF23;
					};
				};
			};
			buildConfigurationList = F1F539EA204D504E00CECF23 /* Build configuration list for PBXProject "almofiretestdemo" */;
			compatibilityVersion = "Xcode 8.0";
			developmentRegion = en;
			hasScannedForEncodings = 0;
			knownRegions = (
				en,
				Base,
			);
			mainGroup = F1F539E6204D504E00CECF23;
			productRefGroup = F1F539F0204D504E00CECF23 /* Products */;
			projectDirPath = "";
			projectRoot = "";
			targets = (
				F1F539EE204D504E00CECF23 /* almofiretestdemo */,
				F1F53A02204D504E00CECF23 /* almofiretestdemoTests */,
				F1F53A0D204D504E00CECF23 /* almofiretestdemoUITests */,
			);
		};
/* End PBXProject section */

/* Begin PBXResourcesBuildPhase section */
		F1F539ED204D504E00CECF23 /* Resources */ = {
			isa = PBXResourcesBuildPhase;
			buildActionMask = 2147483647;
			files = (
				F1F539FD204D504E00CECF23 /* LaunchScreen.storyboard in Resources */,
				F1F539FA204D504E00CECF23 /* Assets.xcassets in Resources */,
				F1F539F8204D504E00CECF23 /* Main.storyboard in Resources */,
			);
			runOnlyForDeploymentPostprocessing = 0;
		};
		F1F53A01204D504E00CECF23 /* Resources */ = {
			isa = PBXResourcesBuildPhase;
			buildActionMask = 2147483647;
			files = (
			);
			runOnlyForDeploymentPostprocessing = 0;
		};
		F1F53A0C204D504E00CECF23 /* Resources */ = {
			isa = PBXResourcesBuildPhase;
			buildActionMask = 2147483647;
			files = (
			);
			runOnlyForDeploymentPostprocessing = 0;
		};
/* End PBXResourcesBuildPhase section */

/* Begin PBXSourcesBuildPhase section */
		F1F539EB204D504E00CECF23 /* Sources */ = {
			isa = PBXSourcesBuildPhase;
			buildActionMask = 2147483647;
			files = (
				F1F539F5204D504E00CECF23 /* ViewController.swift in Sources */,
				F1F539F3204D504E00CECF23 /* AppDelegate.swift in Sources */,
			);
			runOnlyForDeploymentPostprocessing = 0;
		};
		F1F539FF204D504E00CECF23 /* Sources */ = {
			isa = PBXSourcesBuildPhase;
			buildActionMask = 2147483647;
			files = (
				F1F53A08204D504E00CECF23 /* almofiretestdemoTests.swift in Sources */,
			);
			runOnlyForDeploymentPostprocessing = 0;
		};
		F1F53A0A204D504E00CECF23 /* Sources */ = {
			isa = PBXSourcesBuildPhase;
			buildActionMask = 2147483647;
			files = (
				F1F53A13204D504E00CECF23 /* almofiretestdemoUITests.swift in Sources */,
			);
			runOnlyForDeploymentPostprocessing = 0;
		};
/* End PBXSourcesBuildPhase section */

/* Begin PBXTargetDependency section */
		F1F53A05204D504E00CECF23 /* PBXTargetDependency */ = {
			isa = PBXTargetDependency;
			target = F1F539EE204D504E00CECF23 /* almofiretestdemo */;
			targetProxy = F1F53A04204D504E00CECF23 /* PBXContainerItemProxy */;
		};
		F1F53A10204D504E00CECF23 /* PBXTargetDependency */ = {
			isa = PBXTargetDependency;
			target = F1F539EE204D504E00CECF23 /* almofiretestdemo */;
			targetProxy = F1F53A0F204D504E00CECF23 /* PBXContainerItemProxy */;
		};
/* End PBXTargetDependency section */

/* Begin PBXVariantGroup section */
		F1F539F6204D504E00CECF23 /* Main.storyboard */ = {
			isa = PBXVariantGroup;
			children = (
				F1F539F7204D504E00CECF23 /* Base */,
			);
			name = Main.storyboard;
			sourceTree = "<group>";
		};
		F1F539FB204D504E00CECF23 /* LaunchScreen.storyboard */ = {
			isa = PBXVariantGroup;
			children = (
				F1F539FC204D504E00CECF23 /* Base */,
			);
			name = LaunchScreen.storyboard;
			sourceTree = "<group>";
		};
/* End PBXVariantGroup section */

/* Begin XCBuildConfiguration section */
		F1F53A15204D504E00CECF23 /* Debug */ = {
			isa = XCBuildConfiguration;
			buildSettings = {
				ALWAYS_SEARCH_USER_PATHS = NO;
				CLANG_ANALYZER_NONNULL = YES;
				CLANG_ANALYZER_NUMBER_OBJECT_CONVERSION = YES_AGGRESSIVE;
				CLANG_CXX_LANGUAGE_STANDARD = "gnu++14";
				CLANG_CXX_LIBRARY = "libc++";
				CLANG_ENABLE_MODULES = YES;
				CLANG_ENABLE_OBJC_ARC = YES;
				CLANG_WARN_BLOCK_CAPTURE_AUTORELEASING = YES;
				CLANG_WARN_BOOL_CONVERSION = YES;
				CLANG_WARN_COMMA = YES;
				CLANG_WARN_CONSTANT_CONVERSION = YES;
				CLANG_WARN_DIRECT_OBJC_ISA_USAGE = YES_ERROR;
				CLANG_WARN_DOCUMENTATION_COMMENTS = YES;
				CLANG_WARN_EMPTY_BODY = YES;
				CLANG_WARN_ENUM_CONVERSION = YES;
				CLANG_WARN_INFINITE_RECURSION = YES;
				CLANG_WARN_INT_CONVERSION = YES;
				CLANG_WARN_NON_LITERAL_NULL_CONVERSION = YES;
				CLANG_WARN_OBJC_LITERAL_CONVERSION = YES;
				CLANG_WARN_OBJC_ROOT_CLASS = YES_ERROR;
				CLANG_WARN_RANGE_LOOP_ANALYSIS = YES;
				CLANG_WARN_STRICT_PROTOTYPES = YES;
				CLANG_WARN_SUSPICIOUS_MOVE = YES;
				CLANG_WARN_UNGUARDED_AVAILABILITY = YES_AGGRESSIVE;
				CLANG_WARN_UNREACHABLE_CODE = YES;
				CLANG_WARN__DUPLICATE_METHOD_MATCH = YES;
				CODE_SIGN_IDENTITY = "iPhone Developer";
				COPY_PHASE_STRIP = NO;
				DEBUG_INFORMATION_FORMAT = dwarf;
				ENABLE_STRICT_OBJC_MSGSEND = YES;
				ENABLE_TESTABILITY = YES;
				GCC_C_LANGUAGE_STANDARD = gnu11;
				GCC_DYNAMIC_NO_PIC = NO;
				GCC_NO_COMMON_BLOCKS = YES;
				GCC_OPTIMIZATION_LEVEL = 0;
				GCC_PREPROCESSOR_DEFINITIONS = (
					"DEBUG=1",
					"$(inherited)",
				);
				GCC_WARN_64_TO_32_BIT_CONVERSION = YES;
				GCC_WARN_ABOUT_RETURN_TYPE = YES_ERROR;
				GCC_WARN_UNDECLARED_SELECTOR = YES;
				GCC_WARN_UNINITIALIZED_AUTOS = YES_AGGRESSIVE;
				GCC_WARN_UNUSED_FUNCTION = YES;
				GCC_WARN_UNUSED_VARIABLE = YES;
				IPHONEOS_DEPLOYMENT_TARGET = 11.2;
				MTL_ENABLE_DEBUG_INFO = YES;
				ONLY_ACTIVE_ARCH = YES;
				SDKROOT = iphoneos;
				SWIFT_ACTIVE_COMPILATION_CONDITIONS = DEBUG;
				SWIFT_OPTIMIZATION_LEVEL = "-Onone";
			};
			name = Debug;
		};
		F1F53A16204D504E00CECF23 /* Release */ = {
			isa = XCBuildConfiguration;
			buildSettings = {
				ALWAYS_SEARCH_USER_PATHS = NO;
				CLANG_ANALYZER_NONNULL = YES;
				CLANG_ANALYZER_NUMBER_OBJECT_CONVERSION = YES_AGGRESSIVE;
				CLANG_CXX_LANGUAGE_STANDARD = "gnu++14";
				CLANG_CXX_LIBRARY = "libc++";
				CLANG_ENABLE_MODULES = YES;
				CLANG_ENABLE_OBJC_ARC = YES;
				CLANG_WARN_BLOCK_CAPTURE_AUTORELEASING = YES;
				CLANG_WARN_BOOL_CONVERSION = YES;
				CLANG_WARN_COMMA = YES;
				CLANG_WARN_CONSTANT_CONVERSION = YES;
				CLANG_WARN_DIRECT_OBJC_ISA_USAGE = YES_ERROR;
				CLANG_WARN_DOCUMENTATION_COMMENTS = YES;
				CLANG_WARN_EMPTY_BODY = YES;
				CLANG_WARN_ENUM_CONVERSION = YES;
				CLANG_WARN_INFINITE_RECURSION = YES;
				CLANG_WARN_INT_CONVERSION = YES;
				CLANG_WARN_NON_LITERAL_NULL_CONVERSION = YES;
				CLANG_WARN_OBJC_LITERAL_CONVERSION = YES;
				CLANG_WARN_OBJC_ROOT_CLASS = YES_ERROR;
				CLANG_WARN_RANGE_LOOP_ANALYSIS = YES;
				CLANG_WARN_STRICT_PROTOTYPES = YES;
				CLANG_WARN_SUSPICIOUS_MOVE = YES;
				CLANG_WARN_UNGUARDED_AVAILABILITY = YES_AGGRESSIVE;
				CLANG_WARN_UNREACHABLE_CODE = YES;
				CLANG_WARN__DUPLICATE_METHOD_MATCH = YES;
				CODE_SIGN_IDENTITY = "iPhone Developer";
				COPY_PHASE_STRIP = NO;
				DEBUG_INFORMATION_FORMAT = "dwarf-with-dsym";
				ENABLE_NS_ASSERTIONS = NO;
				ENABLE_STRICT_OBJC_MSGSEND = YES;
				GCC_C_LANGUAGE_STANDARD = gnu11;
				GCC_NO_COMMON_BLOCKS = YES;
				GCC_WARN_64_TO_32_BIT_CONVERSION = YES;
				GCC_WARN_ABOUT_RETURN_TYPE = YES_ERROR;
				GCC_WARN_UNDECLARED_SELECTOR = YES;
				GCC_WARN_UNINITIALIZED_AUTOS = YES_AGGRESSIVE;
				GCC_WARN_UNUSED_FUNCTION = YES;
				GCC_WARN_UNUSED_VARIABLE = YES;
				IPHONEOS_DEPLOYMENT_TARGET = 11.2;
				MTL_ENABLE_DEBUG_INFO = NO;
				SDKROOT = iphoneos;
				SWIFT_OPTIMIZATION_LEVEL = "-Owholemodule";
				VALIDATE_PRODUCT = YES;
			};
			name = Release;
		};
		F1F53A18204D504E00CECF23 /* Debug */ = {
			isa = XCBuildConfiguration;
			buildSettings = {
				ASSETCATALOG_COMPILER_APPICON_NAME = AppIcon;
				CODE_SIGN_STYLE = Automatic;
				INFOPLIST_FILE = almofiretestdemo/Info.plist;
				LD_RUNPATH_SEARCH_PATHS = "$(inherited) @executable_path/Frameworks";
				PRODUCT_BUNDLE_IDENTIFIER = Com.infostretch.almofiretestdemo;
				PRODUCT_NAME = "$(TARGET_NAME)";
				SWIFT_VERSION = 4.0;
				TARGETED_DEVICE_FAMILY = "1,2";
			};
			name = Debug;
		};
		F1F53A19204D504E00CECF23 /* Release */ = {
			isa = XCBuildConfiguration;
			buildSettings = {
				ASSETCATALOG_COMPILER_APPICON_NAME = AppIcon;
				CODE_SIGN_STYLE = Automatic;
				INFOPLIST_FILE = almofiretestdemo/Info.plist;
				LD_RUNPATH_SEARCH_PATHS = "$(inherited) @executable_path/Frameworks";
				PRODUCT_BUNDLE_IDENTIFIER = Com.infostretch.almofiretestdemo;
				PRODUCT_NAME = "$(TARGET_NAME)";
				SWIFT_VERSION = 4.0;
				TARGETED_DEVICE_FAMILY = "1,2";
			};
			name = Release;
		};
		F1F53A1B204D504E00CECF23 /* Debug */ = {
			isa = XCBuildConfiguration;
			buildSettings = {
				ALWAYS_EMBED_SWIFT_STANDARD_LIBRARIES = YES;
				BUNDLE_LOADER = "$(TEST_HOST)";
				CODE_SIGN_STYLE = Automatic;
				INFOPLIST_FILE = almofiretestdemoTests/Info.plist;
				LD_RUNPATH_SEARCH_PATHS = "$(inherited) @executable_path/Frameworks @loader_path/Frameworks";
				PRODUCT_BUNDLE_IDENTIFIER = Com.infostretch.almofiretestdemoTests;
				PRODUCT_NAME = "$(TARGET_NAME)";
				SWIFT_VERSION = 4.0;
				TARGETED_DEVICE_FAMILY = "1,2";
				TEST_HOST = "$(BUILT_PRODUCTS_DIR)/almofiretestdemo.app/almofiretestdemo";
			};
			name = Debug;
		};
		F1F53A1C204D504E00CECF23 /* Release */ = {
			isa = XCBuildConfiguration;
			buildSettings = {
				ALWAYS_EMBED_SWIFT_STANDARD_LIBRARIES = YES;
				BUNDLE_LOADER = "$(TEST_HOST)";
				CODE_SIGN_STYLE = Automatic;
				INFOPLIST_FILE = almofiretestdemoTests/Info.plist;
				LD_RUNPATH_SEARCH_PATHS = "$(inherited) @executable_path/Frameworks @loader_path/Frameworks";
				PRODUCT_BUNDLE_IDENTIFIER = Com.infostretch.almofiretestdemoTests;
				PRODUCT_NAME = "$(TARGET_NAME)";
				SWIFT_VERSION = 4.0;
				TARGETED_DEVICE_FAMILY = "1,2";
				TEST_HOST = "$(BUILT_PRODUCTS_DIR)/almofiretestdemo.app/almofiretestdemo";
			};
			name = Release;
		};
		F1F53A1E204D504E00CECF23 /* Debug */ = {
			isa = XCBuildConfiguration;
			buildSettings = {
				ALWAYS_EMBED_SWIFT_STANDARD_LIBRARIES = YES;
				CODE_SIGN_STYLE = Automatic;
				INFOPLIST_FILE = almofiretestdemoUITests/Info.plist;
				LD_RUNPATH_SEARCH_PATHS = "$(inherited) @executable_path/Frameworks @loader_path/Frameworks";
				PRODUCT_BUNDLE_IDENTIFIER = Com.infostretch.almofiretestdemoUITests;
				PRODUCT_NAME = "$(TARGET_NAME)";
				SWIFT_VERSION = 4.0;
				TARGETED_DEVICE_FAMILY = "1,2";
				TEST_TARGET_NAME = almofiretestdemo;
			};
			name = Debug;
		};
		F1F53A1F204D504E00CECF23 /* Release */ = {
			isa = XCBuildConfiguration;
			buildSettings = {
				ALWAYS_EMBED_SWIFT_STANDARD_LIBRARIES = YES;
				CODE_SIGN_STYLE = Automatic;
				INFOPLIST_FILE = almofiretestdemoUITests/Info.plist;
				LD_RUNPATH_SEARCH_PATHS = "$(inherited) @executable_path/Frameworks @loader_path/Frameworks";
				PRODUCT_BUNDLE_IDENTIFIER = Com.infostretch.almofiretestdemoUITests;
				PRODUCT_NAME = "$(TARGET_NAME)";
				SWIFT_VERSION = 4.0;
				TARGETED_DEVICE_FAMILY = "1,2";
				TEST_TARGET_NAME = almofiretestdemo;
			};
			name = Release;
		};
/* End XCBuildConfiguration section */

/* Begin XCConfigurationList section */
		F1F539EA204D504E00CECF23 /* Build configuration list for PBXProject "almofiretestdemo" */ = {
			isa = XCConfigurationList;
			buildConfigurations = (
				F1F53A15204D504E00CECF23 /* Debug */,
				F1F53A16204D504E00CECF23 /* Release */,
			);
			defaultConfigurationIsVisible = 0;
			defaultConfigurationName = Release;
		};
		F1F53A17204D504E00CECF23 /* Build configuration list for PBXNativeTarget "almofiretestdemo" */ = {
			isa = XCConfigurationList;
			buildConfigurations = (
				F1F53A18204D504E00CECF23 /* Debug */,
				F1F53A19204D504E00CECF23 /* Release */,
			);
			defaultConfigurationIsVisible = 0;
			defaultConfigurationName = Release;
		};
		F1F53A1A204D504E00CECF23 /* Build configuration list for PBXNativeTarget "almofiretestdemoTests" */ = {
			isa = XCConfigurationList;
			buildConfigurations = (
				F1F53A1B204D504E00CECF23 /* Debug */,
				F1F53A1C204D504E00CECF23 /* Release */,
			);
			defaultConfigurationIsVisible = 0;
			defaultConfigurationName = Release;
		};
		F1F53A1D204D504E00CECF23 /* Build configuration list for PBXNativeTarget "almofiretestdemoUITests" */ = {
			isa = XCConfigurationList;
			buildConfigurations = (
				F1F53A1E204D504E00CECF23 /* Debug */,
				F1F53A1F204D504E00CECF23 /* Release */,
			);
			defaultConfigurationIsVisible = 0;
			defaultConfigurationName = Release;
		};
/* End XCConfigurationList section */
	};
	rootObject = F1F539E7204D504E00CECF23 /* Project object */;
}
